
Microsoft Visual Studio Solution File, Format Version 12.00
# Visual Studio Version 16
VisualStudioVersion = 16.0.30413.136
MinimumVisualStudioVersion = 10.0.40219.1
Project("{9A19103F-16F7-4668-BE54-9A1E7A4F7556}") = "Blockcore.JOSE", "jose-jwt\Blockcore.JOSE.csproj", "{B93E021F-85EB-4914-9CB8-CCB9DE03C991}"
EndProject
Project("{9A19103F-16F7-4668-BE54-9A1E7A4F7556}") = "Blockcore.JOSE.Tests", "UnitTestsNet46\Blockcore.JOSE.Tests.csproj", "{465987EA-685E-4776-8037-1D47B79991FE}"
EndProject
Project("{2150E333-8FDC-42A3-9474-1A3956D46DE8}") = "Solution Items", "Solution Items", "{7EA68B62-4E73-477C-9A39-D69B5FABDEEF}"
	ProjectSection(SolutionItems) = preProject
		.gitignore = .gitignore
		Directory.Build.props = Directory.Build.props
		LICENSE = LICENSE
		README.md = README.md
	EndProjectSection
EndProject
Global
	GlobalSection(SolutionConfigurationPlatforms) = preSolution
		Debug|Any CPU = Debug|Any CPU
		Release|Any CPU = Release|Any CPU
	EndGlobalSection
	GlobalSection(ProjectConfigurationPlatforms) = postSolution
		{B93E021F-85EB-4914-9CB8-CCB9DE03C991}.Debug|Any CPU.ActiveCfg = Debug|Any CPU
		{B93E021F-85EB-4914-9CB8-CCB9DE03C991}.Debug|Any CPU.Build.0 = Debug|Any CPU
		{B93E021F-85EB-4914-9CB8-CCB9DE03C991}.Release|Any CPU.ActiveCfg = Release|Any CPU
		{B93E021F-85EB-4914-9CB8-CCB9DE03C991}.Release|Any CPU.Build.0 = Release|Any CPU
		{465987EA-685E-4776-8037-1D47B79991FE}.Debug|Any CPU.ActiveCfg = Debug|Any CPU
		{465987EA-685E-4776-8037-1D47B79991FE}.Debug|Any CPU.Build.0 = Debug|Any CPU
		{465987EA-685E-4776-8037-1D47B79991FE}.Release|Any CPU.ActiveCfg = Release|Any CPU
		{465987EA-685E-4776-8037-1D47B79991FE}.Release|Any CPU.Build.0 = Release|Any CPU
	EndGlobalSection
	GlobalSection(SolutionProperties) = preSolution
		HideSolutionNode = FALSE
	EndGlobalSection
	GlobalSection(ExtensibilityGlobals) = postSolution
		SolutionGuid = {45087929-B334-4F2C-B3F9-35F5BDEE3E25}
	EndGlobalSection
EndGlobal
